<?xml version="1.0" encoding="UTF-8"?>
<!DOCTYPE plist PUBLIC "-//Apple//DTD PLIST 1.0//EN" "http://www.apple.com/DTDs/PropertyList-1.0.dtd">
<plist version="1.0">
<dict>
	<key>BuildNumber</key>
	<string>430000124</string>
	<key>BundleIdentifier</key>
	<string>com.barebones.bbedit</string>
	<key>HostIdentifier</key>
	<string>597837B8-CD78-598C-9A50-E1705304B615</string>
	<key>HostName</key>
	<string>Hosaka</string>
	<key>LockDate</key>
	<date>2026-02-21T22:44:51Z</date>
	<key>LockID</key>
	<string>F552DCB3-6751-4C11-A3BB-CF2B2ABBCCDD</string>
	<key>MarketingVersion</key>
	<string>15.5.5</string>
	<key>NetworkVolume</key>
	<false/>
	<key>ProcessIdentifier</key>
	<integer>87217</integer>
	<key>UserName</key>
	<string>rhpt</string>
	<key>Version</key>
	<integer>3</integer>
	<key>VolumeIdentifier</key>
	<string>2EA2F9B1-8FB5-45EC-A338-5694EEEFB08D</string>
</dict>
</plist>
